
Microsoft Visual Studio Solution File, Format Version 12.00
Project("{2150E333-8FDC-42A3-9474-1A3956D46DE8}") = "Docs", "Docs", "{8340AD30-A5CC-4F64-99B5-745C3DC529D2}"
EndProject
Project("{2150E333-8FDC-42A3-9474-1A3956D46DE8}") = "Src", "Src", "{16073244-6371-4534-AF8D-68EC2E180136}"
EndProject
Project("{2150E333-8FDC-42A3-9474-1A3956D46DE8}") = "Framework", "Framework", "{29B41DDE-8D75-43E4-B817-C30EF43993FF}"
EndProject
Project("{FAE04EC0-301F-11D3-BF4B-00C04F79EFBC}") = "Framework.Domain", "Framework\Framework.Domain\Framework.Domain.csproj", "{6D4BF7EF-832C-4174-AC0A-DAFBA16A779A}"
EndProject
Project("{FAE04EC0-301F-11D3-BF4B-00C04F79EFBC}") = "Framework.Application", "Framework\Framework.Application\Framework.Application.csproj", "{51B58C9F-ECCB-46BD-9552-03DDD187130B}"
EndProject
Global
	GlobalSection(SolutionConfigurationPlatforms) = preSolution
		Debug|Any CPU = Debug|Any CPU
		Release|Any CPU = Release|Any CPU
	EndGlobalSection
	GlobalSection(NestedProjects) = preSolution
		{29B41DDE-8D75-43E4-B817-C30EF43993FF} = {16073244-6371-4534-AF8D-68EC2E180136}
		{6D4BF7EF-832C-4174-AC0A-DAFBA16A779A} = {29B41DDE-8D75-43E4-B817-C30EF43993FF}
		{51B58C9F-ECCB-46BD-9552-03DDD187130B} = {29B41DDE-8D75-43E4-B817-C30EF43993FF}
	EndGlobalSection
	GlobalSection(ProjectConfigurationPlatforms) = postSolution
		{6D4BF7EF-832C-4174-AC0A-DAFBA16A779A}.Debug|Any CPU.ActiveCfg = Debug|Any CPU
		{6D4BF7EF-832C-4174-AC0A-DAFBA16A779A}.Debug|Any CPU.Build.0 = Debug|Any CPU
		{6D4BF7EF-832C-4174-AC0A-DAFBA16A779A}.Release|Any CPU.ActiveCfg = Release|Any CPU
		{6D4BF7EF-832C-4174-AC0A-DAFBA16A779A}.Release|Any CPU.Build.0 = Release|Any CPU
		{51B58C9F-ECCB-46BD-9552-03DDD187130B}.Debug|Any CPU.ActiveCfg = Debug|Any CPU
		{51B58C9F-ECCB-46BD-9552-03DDD187130B}.Debug|Any CPU.Build.0 = Debug|Any CPU
		{51B58C9F-ECCB-46BD-9552-03DDD187130B}.Release|Any CPU.ActiveCfg = Release|Any CPU
		{51B58C9F-ECCB-46BD-9552-03DDD187130B}.Release|Any CPU.Build.0 = Release|Any CPU
	EndGlobalSection
EndGlobal
